
Microsoft Visual Studio Solution File, Format Version 12.00
Project("{FAE04EC0-301F-11D3-BF4B-00C04F79EFBC}") = "Lab2", "Lab2\Lab2.csproj", "{C1F6C914-A45A-40FD-83D7-F9F5EADFBD52}"
EndProject
Global
	GlobalSection(SolutionConfigurationPlatforms) = preSolution
		Debug|Any CPU = Debug|Any CPU
		Release|Any CPU = Release|Any CPU
	EndGlobalSection
	GlobalSection(ProjectConfigurationPlatforms) = postSolution
		{C1F6C914-A45A-40FD-83D7-F9F5EADFBD52}.Debug|Any CPU.ActiveCfg = Debug|Any CPU
		{C1F6C914-A45A-40FD-83D7-F9F5EADFBD52}.Debug|Any CPU.Build.0 = Debug|Any CPU
		{C1F6C914-A45A-40FD-83D7-F9F5EADFBD52}.Release|Any CPU.ActiveCfg = Release|Any CPU
		{C1F6C914-A45A-40FD-83D7-F9F5EADFBD52}.Release|Any CPU.Build.0 = Release|Any CPU
	EndGlobalSection
EndGlobal
